# THIS IS AN AUTOGENERATED FILE. DO NOT EDIT THIS FILE DIRECTLY.
# yarn lockfile v1


prettier@^2.8.1:
  version "2.8.1"
  resolved "https://registry.yarnpkg.com/prettier/-/prettier-2.8.1.tgz#4e1fd11c34e2421bc1da9aea9bd8127cd0a35efc"
  integrity sha512-lqGoSJBQNJidqCHE80vqZJHWHRFoNYsSpP9AjFhlhi9ODCJA541svILes/+/1GM3VaL/abZi7cpFzOpdR9UPKg==

typescript@^5.0.0-dev.20221226:
  version "5.0.0-dev.20221226"
  resolved "https://registry.yarnpkg.com/typescript/-/typescript-5.0.0-dev.20221226.tgz#6298b16fd82a72ae92084947cc6d0a2c804ee565"
  integrity sha512-InxD6NrcHRNrl1T3aakg3iHHqEUhbGIcHlbZzCJfK3sqQsVJMYCBxgASWEdgr8F0FiEK3wd9CQMYNdxS+Dmwdw==
