# THIS IS AN AUTOGENERATED FILE. DO NOT EDIT THIS FILE DIRECTLY.
# yarn lockfile v1


typescript@^5.0.0-dev.20230113:
  version "5.0.0-dev.20230113"
  resolved "https://registry.yarnpkg.com/typescript/-/typescript-5.0.0-dev.20230113.tgz#369e4c1298771333bc692329ff13b1e8a7271505"
  integrity sha512-C8A/oe/tShuoeJTLhzznzTJyowVu17XwbjMsLSSRZnkHo6QHQdxW1xVtoS92lMzU/8bzpr1uqH3K/6hoXPb6+w==
